
Microsoft Visual Studio Solution File, Format Version 12.00
# Visual Studio Version 16
VisualStudioVersion = 16.0.29009.5
MinimumVisualStudioVersion = 10.0.40219.1
Project("{9A19103F-16F7-4668-BE54-9A1E7A4F7556}") = "TBIBankApp", "TBIBankApp\TBIBankApp.csproj", "{14F3D68C-CB25-4F5E-84FE-B445D62AE500}"
EndProject
Project("{9A19103F-16F7-4668-BE54-9A1E7A4F7556}") = "TBIApp.Data", "TBIApp.Data\TBIApp.Data.csproj", "{37C510B2-31EA-42C6-9031-33AA05877A68}"
EndProject
Project("{9A19103F-16F7-4668-BE54-9A1E7A4F7556}") = "TBIApp.Services", "TBIApp.Services\TBIApp.Services.csproj", "{A0E7C18E-83E9-4DBB-8E82-0101D9AE528C}"
EndProject
Project("{9A19103F-16F7-4668-BE54-9A1E7A4F7556}") = "TBIApp.MailClient", "TBIApp.MailClient\TBIApp.MailClient.csproj", "{2FA1307A-2FAF-4D19-9D67-1A1F62AE7D21}"
EndProject
Project("{9A19103F-16F7-4668-BE54-9A1E7A4F7556}") = "TBIApp.UnitTesting", "TBIApp.UnitTesting\TBIApp.UnitTesting.csproj", "{7C98BD70-8505-4B7C-A1BE-D1120CB60E72}"
EndProject
Global
	GlobalSection(SolutionConfigurationPlatforms) = preSolution
		Debug|Any CPU = Debug|Any CPU
		Release|Any CPU = Release|Any CPU
	EndGlobalSection
	GlobalSection(ProjectConfigurationPlatforms) = postSolution
		{14F3D68C-CB25-4F5E-84FE-B445D62AE500}.Debug|Any CPU.ActiveCfg = Debug|Any CPU
		{14F3D68C-CB25-4F5E-84FE-B445D62AE500}.Debug|Any CPU.Build.0 = Debug|Any CPU
		{14F3D68C-CB25-4F5E-84FE-B445D62AE500}.Release|Any CPU.ActiveCfg = Release|Any CPU
		{14F3D68C-CB25-4F5E-84FE-B445D62AE500}.Release|Any CPU.Build.0 = Release|Any CPU
		{37C510B2-31EA-42C6-9031-33AA05877A68}.Debug|Any CPU.ActiveCfg = Debug|Any CPU
		{37C510B2-31EA-42C6-9031-33AA05877A68}.Debug|Any CPU.Build.0 = Debug|Any CPU
		{37C510B2-31EA-42C6-9031-33AA05877A68}.Release|Any CPU.ActiveCfg = Release|Any CPU
		{37C510B2-31EA-42C6-9031-33AA05877A68}.Release|Any CPU.Build.0 = Release|Any CPU
		{A0E7C18E-83E9-4DBB-8E82-0101D9AE528C}.Debug|Any CPU.ActiveCfg = Debug|Any CPU
		{A0E7C18E-83E9-4DBB-8E82-0101D9AE528C}.Debug|Any CPU.Build.0 = Debug|Any CPU
		{A0E7C18E-83E9-4DBB-8E82-0101D9AE528C}.Release|Any CPU.ActiveCfg = Release|Any CPU
		{A0E7C18E-83E9-4DBB-8E82-0101D9AE528C}.Release|Any CPU.Build.0 = Release|Any CPU
		{2FA1307A-2FAF-4D19-9D67-1A1F62AE7D21}.Debug|Any CPU.ActiveCfg = Debug|Any CPU
		{2FA1307A-2FAF-4D19-9D67-1A1F62AE7D21}.Debug|Any CPU.Build.0 = Debug|Any CPU
		{2FA1307A-2FAF-4D19-9D67-1A1F62AE7D21}.Release|Any CPU.ActiveCfg = Release|Any CPU
		{2FA1307A-2FAF-4D19-9D67-1A1F62AE7D21}.Release|Any CPU.Build.0 = Release|Any CPU
		{7C98BD70-8505-4B7C-A1BE-D1120CB60E72}.Debug|Any CPU.ActiveCfg = Debug|Any CPU
		{7C98BD70-8505-4B7C-A1BE-D1120CB60E72}.Debug|Any CPU.Build.0 = Debug|Any CPU
		{7C98BD70-8505-4B7C-A1BE-D1120CB60E72}.Release|Any CPU.ActiveCfg = Release|Any CPU
		{7C98BD70-8505-4B7C-A1BE-D1120CB60E72}.Release|Any CPU.Build.0 = Release|Any CPU
	EndGlobalSection
	GlobalSection(SolutionProperties) = preSolution
		HideSolutionNode = FALSE
	EndGlobalSection
	GlobalSection(ExtensibilityGlobals) = postSolution
		SolutionGuid = {5D01A8AD-CDA9-416A-869A-2D56390B4724}
	EndGlobalSection
EndGlobal
